// !$*UTF8*$!
{
	archiveVersion = 1;
	classes = {
	};
	objectVersion = 77;
	objects = {

/* Begin PBXBuildFile section */
		74B9A5FD30142E8C007B716E /* MenuMapApp.swift in Sources */ = {isa = PBXBuildFile; fileRef = 74B9A5FC30142E8C007B716E /* MenuMapApp.swift */; };
		74B9A5FF30142E8C007B716E /* ContentView.swift in Sources */ = {isa = PBXBuildFile; fileRef = 74B9A5FE30142E8C007B716E /* ContentView.swift */; };
		74B9A609301431C0007B716E /* FirebaseAuth in Frameworks */ = {isa = PBXBuildFile; productRef = 74B9A608301431C0007B716E /* FirebaseAuth */; };
		74B9A60B301431C0007B716E /* FirebaseFirestore in Frameworks */ = {isa = PBXBuildFile; productRef = 74B9A60A301431C0007B716E /* FirebaseFirestore */; };
		74B9A60E301433A7007B716E /* GoogleMaps in Frameworks */ = {isa = PBXBuildFile; productRef = 74B9A60D301433A7007B716E /* GoogleMaps */; };
		74B9A6173014C518007B716E /* AuthView.swift in Sources */ = {isa = PBXBuildFile; fileRef = 74B9A6163014C512007B716E /* AuthView.swift */; };
		74B9A6193014C531007B716E /* MainTabView.swift in Sources */ = {isa = PBXBuildFile; fileRef = 74B9A6183014C528007B716E /* MainTabView.swift */; };
		74BBFF903014C98900D74FD5 /* AuthViewModel.swift in Sources */ = {isa = PBXBuildFile; fileRef = 74B9A61A3014C686007B716E /* AuthViewModel.swift */; };
		74BBFF913014C9B300D74FD5 /* Place.swift in Sources */ = {isa = PBXBuildFile; fileRef = 74B9A613301435C4007B716E /* Place.swift */; };
		74BBFF933014CCBA00D74FD5 /* ProfileView.swift in Sources */ = {isa = PBXBuildFile; fileRef = 74BBFF923014CCB800D74FD5 /* ProfileView.swift */; };
		74BBFF953014CD2B00D74FD5 /* Submission.swift in Sources */ = {isa = PBXBuildFile; fileRef = 74BBFF943014CD2900D74FD5 /* Submission.swift */; };
		74BBFF973014CDE400D74FD5 /* AdminViewModel.swift in Sources */ = {isa = PBXBuildFile; fileRef = 74BBFF963014CDE100D74FD5 /* AdminViewModel.swift */; };
		74BBFF993014CE0200D74FD5 /* AdminView.swift in Sources */ = {isa = PBXBuildFile; fileRef = 74BBFF983014CDFF00D74FD5 /* AdminView.swift */; };
		74BBFF9B3014D1F100D74FD5 /* QRScannerView.swift in Sources */ = {isa = PBXBuildFile; fileRef = 74BBFF9A3014D1E900D74FD5 /* QRScannerView.swift */; };
		74BBFF9E3014D20F00D74FD5 /* MapViewModel.swift in Sources */ = {isa = PBXBuildFile; fileRef = 74BBFF9D3014D20D00D74FD5 /* MapViewModel.swift */; };
		74BBFFA03014D22C00D74FD5 /* MapView.swift in Sources */ = {isa = PBXBuildFile; fileRef = 74BBFF9F3014D22A00D74FD5 /* MapView.swift */; };
		74BBFFA23014D4DE00D74FD5 /* GoogleService-Info.plist in Resources */ = {isa = PBXBuildFile; fileRef = 74BBFFA13014D4DE00D74FD5 /* GoogleService-Info.plist */; };
		74BBFFAA301684B800D74FD5 /* SafariView.swift in Sources */ = {isa = PBXBuildFile; fileRef = 74BBFFA9301684B600D74FD5 /* SafariView.swift */; };
		74BBFFAC30168A9700D74FD5 /* GoogleMapViewWrapper.swift in Sources */ = {isa = PBXBuildFile; fileRef = 74BBFFAB30168A9500D74FD5 /* GoogleMapViewWrapper.swift */; };
/* End PBXBuildFile section */

/* Begin PBXFileReference section */
		74B9A5F930142E8C007B716E /* MenuMap.app */ = {isa = PBXFileReference; explicitFileType = wrapper.application; includeInIndex = 0; path = MenuMap.app; sourceTree = BUILT_PRODUCTS_DIR; };
		74B9A5FC30142E8C007B716E /* MenuMapApp.swift */ = {isa = PBXFileReference; lastKnownFileType = sourcecode.swift; path = MenuMapApp.swift; sourceTree = "<group>"; };
		74B9A5FE30142E8C007B716E /* ContentView.swift */ = {isa = PBXFileReference; lastKnownFileType = sourcecode.swift; path = ContentView.swift; sourceTree = "<group>"; };
		74B9A613301435C4007B716E /* Place.swift */ = {isa = PBXFileReference; lastKnownFileType = sourcecode.swift; path = Place.swift; sourceTree = "<group>"; };
		74B9A6163014C512007B716E /* AuthView.swift */ = {isa = PBXFileReference; lastKnownFileType = sourcecode.swift; path = AuthView.swift; sourceTree = "<group>"; };
		74B9A6183014C528007B716E /* MainTabView.swift */ = {isa = PBXFileReference; lastKnownFileType = sourcecode.swift; path = MainTabView.swift; sourceTree = "<group>"; };
		74B9A61A3014C686007B716E /* AuthViewModel.swift */ = {isa = PBXFileReference; lastKnownFileType = sourcecode.swift; path = AuthViewModel.swift; sourceTree = "<group>"; };
		74BBFF923014CCB800D74FD5 /* ProfileView.swift */ = {isa = PBXFileReference; lastKnownFileType = sourcecode.swift; path = ProfileView.swift; sourceTree = "<group>"; };
		74BBFF943014CD2900D74FD5 /* Submission.swift */ = {isa = PBXFileReference; lastKnownFileType = sourcecode.swift; path = Submission.swift; sourceTree = "<group>"; };
		74BBFF963014CDE100D74FD5 /* AdminViewModel.swift */ = {isa = PBXFileReference; lastKnownFileType = sourcecode.swift; path = AdminViewModel.swift; sourceTree = "<group>"; };
		74BBFF983014CDFF00D74FD5 /* AdminView.swift */ = {isa = PBXFileReference; lastKnownFileType = sourcecode.swift; path = AdminView.swift; sourceTree = "<group>"; };
		74BBFF9A3014D1E900D74FD5 /* QRScannerView.swift */ = {isa = PBXFileReference; lastKnownFileType = sourcecode.swift; path = QRScannerView.swift; sourceTree = "<group>"; };
		74BBFF9D3014D20D00D74FD5 /* MapViewModel.swift */ = {isa = PBXFileReference; lastKnownFileType = sourcecode.swift; path = MapViewModel.swift; sourceTree = "<group>"; };
		74BBFF9F3014D22A00D74FD5 /* MapView.swift */ = {isa = PBXFileReference; lastKnownFileType = sourcecode.swift; path = MapView.swift; sourceTree = "<group>"; };
		74BBFFA13014D4DE00D74FD5 /* GoogleService-Info.plist */ = {isa = PBXFileReference; lastKnownFileType = text.plist.xml; path = "GoogleService-Info.plist"; sourceTree = "<group>"; };
		74BBFFA9301684B600D74FD5 /* SafariView.swift */ = {isa = PBXFileReference; lastKnownFileType = sourcecode.swift; path = SafariView.swift; sourceTree = "<group>"; };
		74BBFFAB30168A9500D74FD5 /* GoogleMapViewWrapper.swift */ = {isa = PBXFileReference; lastKnownFileType = sourcecode.swift; path = GoogleMapViewWrapper.swift; sourceTree = "<group>"; };
/* End PBXFileReference section */

/* Begin PBXFileSystemSynchronizedRootGroup section */
		74B9A5FB30142E8C007B716E /* MenuMap */ = {
			isa = PBXFileSystemSynchronizedRootGroup;
			path = MenuMap;
			sourceTree = "<group>";
		};
/* End PBXFileSystemSynchronizedRootGroup section */

/* Begin PBXFrameworksBuildPhase section */
		74B9A5F630142E8C007B716E /* Frameworks */ = {
			isa = PBXFrameworksBuildPhase;
			buildActionMask = 2147483647;
			files = (
				74B9A609301431C0007B716E /* FirebaseAuth in Frameworks */,
				74B9A60B301431C0007B716E /* FirebaseFirestore in Frameworks */,
				74B9A60E301433A7007B716E /* GoogleMaps in Frameworks */,
			);
			runOnlyForDeploymentPostprocessing = 0;
		};
/* End PBXFrameworksBuildPhase section */

/* Begin PBXGroup section */
		74B9A5F030142E8C007B716E = {
			isa = PBXGroup;
			children = (
				74B9A612301435A3007B716E /* App */,
				74B9A6113014355E007B716E /* ViewModels */,
				74B9A61030143541007B716E /* Views */,
				74B9A60F30143523007B716E /* Models */,
				74B9A5FB30142E8C007B716E /* MenuMap */,
				74B9A5FA30142E8C007B716E /* Products */,
				74BBFFA13014D4DE00D74FD5 /* GoogleService-Info.plist */,
			);
			sourceTree = "<group>";
		};
		74B9A5FA30142E8C007B716E /* Products */ = {
			isa = PBXGroup;
			children = (
				74B9A5F930142E8C007B716E /* MenuMap.app */,
			);
			name = Products;
			sourceTree = "<group>";
		};
		74B9A60F30143523007B716E /* Models */ = {
			isa = PBXGroup;
			children = (
				74BBFF943014CD2900D74FD5 /* Submission.swift */,
				74B9A613301435C4007B716E /* Place.swift */,
			);
			path = Models;
			sourceTree = "<group>";
		};
		74B9A61030143541007B716E /* Views */ = {
			isa = PBXGroup;
			children = (
				74BBFFAB30168A9500D74FD5 /* GoogleMapViewWrapper.swift */,
				74BBFFA9301684B600D74FD5 /* SafariView.swift */,
				74BBFF9F3014D22A00D74FD5 /* MapView.swift */,
				74BBFF9A3014D1E900D74FD5 /* QRScannerView.swift */,
				74BBFF983014CDFF00D74FD5 /* AdminView.swift */,
				74BBFF923014CCB800D74FD5 /* ProfileView.swift */,
				74B9A6183014C528007B716E /* MainTabView.swift */,
				74B9A6163014C512007B716E /* AuthView.swift */,
				74B9A5FE30142E8C007B716E /* ContentView.swift */,
			);
			path = Views;
			sourceTree = "<group>";
		};
		74B9A6113014355E007B716E /* ViewModels */ = {
			isa = PBXGroup;
			children = (
				74BBFF9D3014D20D00D74FD5 /* MapViewModel.swift */,
				74BBFF963014CDE100D74FD5 /* AdminViewModel.swift */,
				74B9A61A3014C686007B716E /* AuthViewModel.swift */,
			);
			path = ViewModels;
			sourceTree = "<group>";
		};
		74B9A612301435A3007B716E /* App */ = {
			isa = PBXGroup;
			children = (
				74B9A5FC30142E8C007B716E /* MenuMapApp.swift */,
			);
			path = App;
			sourceTree = "<group>";
		};
/* End PBXGroup section */

/* Begin PBXNativeTarget section */
		74B9A5F830142E8C007B716E /* MenuMap */ = {
			isa = PBXNativeTarget;
			buildConfigurationList = 74B9A60430142E8F007B716E /* Build configuration list for PBXNativeTarget "MenuMap" */;
			buildPhases = (
				74B9A5F530142E8C007B716E /* Sources */,
				74B9A5F630142E8C007B716E /* Frameworks */,
				74B9A5F730142E8C007B716E /* Resources */,
			);
			buildRules = (
			);
			dependencies = (
			);
			fileSystemSynchronizedGroups = (
				74B9A5FB30142E8C007B716E /* MenuMap */,
			);
			name = MenuMap;
			packageProductDependencies = (
				74B9A608301431C0007B716E /* FirebaseAuth */,
				74B9A60A301431C0007B716E /* FirebaseFirestore */,
				74B9A60D301433A7007B716E /* GoogleMaps */,
			);
			productName = MenuMap;
			productReference = 74B9A5F930142E8C007B716E /* MenuMap.app */;
			productType = "com.apple.product-type.application";
		};
/* End PBXNativeTarget section */

/* Begin PBXProject section */
		74B9A5F130142E8C007B716E /* Project object */ = {
			isa = PBXProject;
			attributes = {
				BuildIndependentTargetsInParallel = 1;
				LastSwiftUpdateCheck = 1640;
				LastUpgradeCheck = 1640;
				TargetAttributes = {
					74B9A5F830142E8C007B716E = {
						CreatedOnToolsVersion = 16.4;
					};
				};
			};
			buildConfigurationList = 74B9A5F430142E8C007B716E /* Build configuration list for PBXProject "MenuMap" */;
			developmentRegion = en;
			hasScannedForEncodings = 0;
			knownRegions = (
				en,
				Base,
			);
			mainGroup = 74B9A5F030142E8C007B716E;
			minimizedProjectReferenceProxies = 1;
			packageReferences = (
				74B9A607301431C0007B716E /* XCRemoteSwiftPackageReference "firebase-ios-sdk" */,
				74B9A60C301433A7007B716E /* XCRemoteSwiftPackageReference "ios-maps-sdk" */,
			);
			preferredProjectObjectVersion = 77;
			productRefGroup = 74B9A5FA30142E8C007B716E /* Products */;
			projectDirPath = "";
			projectRoot = "";
			targets = (
				74B9A5F830142E8C007B716E /* MenuMap */,
			);
		};
/* End PBXProject section */

/* Begin PBXResourcesBuildPhase section */
		74B9A5F730142E8C007B716E /* Resources */ = {
			isa = PBXResourcesBuildPhase;
			buildActionMask = 2147483647;
			files = (
				74BBFFA23014D4DE00D74FD5 /* GoogleService-Info.plist in Resources */,
			);
			runOnlyForDeploymentPostprocessing = 0;
		};
/* End PBXResourcesBuildPhase section */

/* Begin PBXSourcesBuildPhase section */
		74B9A5F530142E8C007B716E /* Sources */ = {
			isa = PBXSourcesBuildPhase;
			buildActionMask = 2147483647;
			files = (
				74BBFF903014C98900D74FD5 /* AuthViewModel.swift in Sources */,
				74B9A5FF30142E8C007B716E /* ContentView.swift in Sources */,
				74BBFF9B3014D1F100D74FD5 /* QRScannerView.swift in Sources */,
				74B9A5FD30142E8C007B716E /* MenuMapApp.swift in Sources */,
				74BBFFA03014D22C00D74FD5 /* MapView.swift in Sources */,
				74BBFF973014CDE400D74FD5 /* AdminViewModel.swift in Sources */,
				74BBFFAA301684B800D74FD5 /* SafariView.swift in Sources */,
				74BBFF993014CE0200D74FD5 /* AdminView.swift in Sources */,
				74BBFFAC30168A9700D74FD5 /* GoogleMapViewWrapper.swift in Sources */,
				74BBFF913014C9B300D74FD5 /* Place.swift in Sources */,
				74B9A6173014C518007B716E /* AuthView.swift in Sources */,
				74BBFF933014CCBA00D74FD5 /* ProfileView.swift in Sources */,
				74B9A6193014C531007B716E /* MainTabView.swift in Sources */,
				74BBFF953014CD2B00D74FD5 /* Submission.swift in Sources */,
				74BBFF9E3014D20F00D74FD5 /* MapViewModel.swift in Sources */,
			);
			runOnlyForDeploymentPostprocessing = 0;
		};
/* End PBXSourcesBuildPhase section */

/* Begin XCBuildConfiguration section */
		74B9A60230142E8F007B716E /* Debug */ = {
			isa = XCBuildConfiguration;
			buildSettings = {
				ALWAYS_SEARCH_USER_PATHS = NO;
				ASSETCATALOG_COMPILER_GENERATE_SWIFT_ASSET_SYMBOL_EXTENSIONS = YES;
				CLANG_ANALYZER_NONNULL = YES;
				CLANG_ANALYZER_NUMBER_OBJECT_CONVERSION = YES_AGGRESSIVE;
				CLANG_CXX_LANGUAGE_STANDARD = "gnu++20";
				CLANG_ENABLE_MODULES = YES;
				CLANG_ENABLE_OBJC_ARC = YES;
				CLANG_ENABLE_OBJC_WEAK = YES;
				CLANG_WARN_BLOCK_CAPTURE_AUTORELEASING = YES;
				CLANG_WARN_BOOL_CONVERSION = YES;
				CLANG_WARN_COMMA = YES;
				CLANG_WARN_CONSTANT_CONVERSION = YES;
				CLANG_WARN_DEPRECATED_OBJC_IMPLEMENTATIONS = YES;
				CLANG_WARN_DIRECT_OBJC_ISA_USAGE = YES_ERROR;
				CLANG_WARN_DOCUMENTATION_COMMENTS = YES;
				CLANG_WARN_EMPTY_BODY = YES;
				CLANG_WARN_ENUM_CONVERSION = YES;
				CLANG_WARN_INFINITE_RECURSION = YES;
				CLANG_WARN_INT_CONVERSION = YES;
				CLANG_WARN_NON_LITERAL_NULL_CONVERSION = YES;
				CLANG_WARN_OBJC_IMPLICIT_RETAIN_SELF = YES;
				CLANG_WARN_OBJC_LITERAL_CONVERSION = YES;
				CLANG_WARN_OBJC_ROOT_CLASS = YES_ERROR;
				CLANG_WARN_QUOTED_INCLUDE_IN_FRAMEWORK_HEADER = YES;
				CLANG_WARN_RANGE_LOOP_ANALYSIS = YES;
				CLANG_WARN_STRICT_PROTOTYPES = YES;
				CLANG_WARN_SUSPICIOUS_MOVE = YES;
				CLANG_WARN_UNGUARDED_AVAILABILITY = YES_AGGRESSIVE;
				CLANG_WARN_UNREACHABLE_CODE = YES;
				CLANG_WARN__DUPLICATE_METHOD_MATCH = YES;
				COPY_PHASE_STRIP = NO;
				DEBUG_INFORMATION_FORMAT = dwarf;
				DEVELOPMENT_TEAM = N5Q8M2VZAV;
				ENABLE_STRICT_OBJC_MSGSEND = YES;
				ENABLE_TESTABILITY = YES;
				ENABLE_USER_SCRIPT_SANDBOXING = YES;
				GCC_C_LANGUAGE_STANDARD = gnu17;
				GCC_DYNAMIC_NO_PIC = NO;
				GCC_NO_COMMON_BLOCKS = YES;
				GCC_OPTIMIZATION_LEVEL = 0;
				GCC_PREPROCESSOR_DEFINITIONS = (
					"DEBUG=1",
					"$(inherited)",
				);
				GCC_WARN_64_TO_32_BIT_CONVERSION = YES;
				GCC_WARN_ABOUT_RETURN_TYPE = YES_ERROR;
				GCC_WARN_UNDECLARED_SELECTOR = YES;
				GCC_WARN_UNINITIALIZED_AUTOS = YES_AGGRESSIVE;
				GCC_WARN_UNUSED_FUNCTION = YES;
				GCC_WARN_UNUSED_VARIABLE = YES;
				IPHONEOS_DEPLOYMENT_TARGET = 18.5;
				LOCALIZATION_PREFERS_STRING_CATALOGS = YES;
				MTL_ENABLE_DEBUG_INFO = INCLUDE_SOURCE;
				MTL_FAST_MATH = YES;
				ONLY_ACTIVE_ARCH = YES;
				SDKROOT = iphoneos;
				SWIFT_ACTIVE_COMPILATION_CONDITIONS = "DEBUG $(inherited)";
				SWIFT_OPTIMIZATION_LEVEL = "-Onone";
			};
			name = Debug;
		};
		74B9A60330142E8F007B716E /* Release */ = {
			isa = XCBuildConfiguration;
			buildSettings = {
				ALWAYS_SEARCH_USER_PATHS = NO;
				ASSETCATALOG_COMPILER_GENERATE_SWIFT_ASSET_SYMBOL_EXTENSIONS = YES;
				CLANG_ANALYZER_NONNULL = YES;
				CLANG_ANALYZER_NUMBER_OBJECT_CONVERSION = YES_AGGRESSIVE;
				CLANG_CXX_LANGUAGE_STANDARD = "gnu++20";
				CLANG_ENABLE_MODULES = YES;
				CLANG_ENABLE_OBJC_ARC = YES;
				CLANG_ENABLE_OBJC_WEAK = YES;
				CLANG_WARN_BLOCK_CAPTURE_AUTORELEASING = YES;
				CLANG_WARN_BOOL_CONVERSION = YES;
				CLANG_WARN_COMMA = YES;
				CLANG_WARN_CONSTANT_CONVERSION = YES;
				CLANG_WARN_DEPRECATED_OBJC_IMPLEMENTATIONS = YES;
				CLANG_WARN_DIRECT_OBJC_ISA_USAGE = YES_ERROR;
				CLANG_WARN_DOCUMENTATION_COMMENTS = YES;
				CLANG_WARN_EMPTY_BODY = YES;
				CLANG_WARN_ENUM_CONVERSION = YES;
				CLANG_WARN_INFINITE_RECURSION = YES;
				CLANG_WARN_INT_CONVERSION = YES;
				CLANG_WARN_NON_LITERAL_NULL_CONVERSION = YES;
				CLANG_WARN_OBJC_IMPLICIT_RETAIN_SELF = YES;
				CLANG_WARN_OBJC_LITERAL_CONVERSION = YES;
				CLANG_WARN_OBJC_ROOT_CLASS = YES_ERROR;
				CLANG_WARN_QUOTED_INCLUDE_IN_FRAMEWORK_HEADER = YES;
				CLANG_WARN_RANGE_LOOP_ANALYSIS = YES;
				CLANG_WARN_STRICT_PROTOTYPES = YES;
				CLANG_WARN_SUSPICIOUS_MOVE = YES;
				CLANG_WARN_UNGUARDED_AVAILABILITY = YES_AGGRESSIVE;
				CLANG_WARN_UNREACHABLE_CODE = YES;
				CLANG_WARN__DUPLICATE_METHOD_MATCH = YES;
				COPY_PHASE_STRIP = NO;
				DEBUG_INFORMATION_FORMAT = "dwarf-with-dsym";
				DEVELOPMENT_TEAM = N5Q8M2VZAV;
				ENABLE_NS_ASSERTIONS = NO;
				ENABLE_STRICT_OBJC_MSGSEND = YES;
				ENABLE_USER_SCRIPT_SANDBOXING = YES;
				GCC_C_LANGUAGE_STANDARD = gnu17;
				GCC_NO_COMMON_BLOCKS = YES;
				GCC_WARN_64_TO_32_BIT_CONVERSION = YES;
				GCC_WARN_ABOUT_RETURN_TYPE = YES_ERROR;
				GCC_WARN_UNDECLARED_SELECTOR = YES;
				GCC_WARN_UNINITIALIZED_AUTOS = YES_AGGRESSIVE;
				GCC_WARN_UNUSED_FUNCTION = YES;
				GCC_WARN_UNUSED_VARIABLE = YES;
				IPHONEOS_DEPLOYMENT_TARGET = 18.5;
				LOCALIZATION_PREFERS_STRING_CATALOGS = YES;
				MTL_ENABLE_DEBUG_INFO = NO;
				MTL_FAST_MATH = YES;
				SDKROOT = iphoneos;
				SWIFT_COMPILATION_MODE = wholemodule;
				VALIDATE_PRODUCT = YES;
			};
			name = Release;
		};
		74B9A60530142E8F007B716E /* Debug */ = {
			isa = XCBuildConfiguration;
			buildSettings = {
				ASSETCATALOG_COMPILER_APPICON_NAME = AppIcon;
				ASSETCATALOG_COMPILER_GLOBAL_ACCENT_COLOR_NAME = AccentColor;
				CODE_SIGN_ENTITLEMENTS = MenuMap/MenuMap.entitlements;
				CODE_SIGN_STYLE = Automatic;
				CURRENT_PROJECT_VERSION = 3;
				DEVELOPMENT_TEAM = N5Q8M2VZAV;
				ENABLE_PREVIEWS = YES;
				GENERATE_INFOPLIST_FILE = YES;
				INFOPLIST_KEY_CFBundleDisplayName = MenuMap;
				INFOPLIST_KEY_NSCameraUsageDescription = "Menü QR kodlarını tarayabilmek için kamera iznine ihtiyacımız var.";
				INFOPLIST_KEY_NSLocationWhenInUseUsageDescription = "Haritada yakınındaki mekanları görebilmek için konum iznine ihtiyacımız var.";
				INFOPLIST_KEY_UIApplicationSceneManifest_Generation = YES;
				INFOPLIST_KEY_UIApplicationSupportsIndirectInputEvents = YES;
				INFOPLIST_KEY_UILaunchScreen_Generation = YES;
				INFOPLIST_KEY_UISupportedInterfaceOrientations_iPad = "UIInterfaceOrientationPortrait UIInterfaceOrientationPortraitUpsideDown UIInterfaceOrientationLandscapeLeft UIInterfaceOrientationLandscapeRight";
				INFOPLIST_KEY_UISupportedInterfaceOrientations_iPhone = "UIInterfaceOrientationPortrait UIInterfaceOrientationLandscapeLeft UIInterfaceOrientationLandscapeRight";
				LD_RUNPATH_SEARCH_PATHS = (
					"$(inherited)",
					"@executable_path/Frameworks",
				);
				MARKETING_VERSION = 1.0.0;
				PRODUCT_BUNDLE_IDENTIFIER = com.menumap.app;
				PRODUCT_NAME = "$(TARGET_NAME)";
				SWIFT_EMIT_LOC_STRINGS = YES;
				SWIFT_VERSION = 5.0;
				TARGETED_DEVICE_FAMILY = "1,2";
			};
			name = Debug;
		};
		74B9A60630142E8F007B716E /* Release */ = {
			isa = XCBuildConfiguration;
			buildSettings = {
				ASSETCATALOG_COMPILER_APPICON_NAME = AppIcon;
				ASSETCATALOG_COMPILER_GLOBAL_ACCENT_COLOR_NAME = AccentColor;
				CODE_SIGN_ENTITLEMENTS = MenuMap/MenuMap.entitlements;
				CODE_SIGN_STYLE = Automatic;
				CURRENT_PROJECT_VERSION = 3;
				DEVELOPMENT_TEAM = N5Q8M2VZAV;
				ENABLE_PREVIEWS = YES;
				GENERATE_INFOPLIST_FILE = YES;
				INFOPLIST_KEY_CFBundleDisplayName = MenuMap;
				INFOPLIST_KEY_NSCameraUsageDescription = "Menü QR kodlarını tarayabilmek için kamera iznine ihtiyacımız var.";
				INFOPLIST_KEY_NSLocationWhenInUseUsageDescription = "Haritada yakınındaki mekanları görebilmek için konum iznine ihtiyacımız var.";
				INFOPLIST_KEY_UIApplicationSceneManifest_Generation = YES;
				INFOPLIST_KEY_UIApplicationSupportsIndirectInputEvents = YES;
				INFOPLIST_KEY_UILaunchScreen_Generation = YES;
				INFOPLIST_KEY_UISupportedInterfaceOrientations_iPad = "UIInterfaceOrientationPortrait UIInterfaceOrientationPortraitUpsideDown UIInterfaceOrientationLandscapeLeft UIInterfaceOrientationLandscapeRight";
				INFOPLIST_KEY_UISupportedInterfaceOrientations_iPhone = "UIInterfaceOrientationPortrait UIInterfaceOrientationLandscapeLeft UIInterfaceOrientationLandscapeRight";
				LD_RUNPATH_SEARCH_PATHS = (
					"$(inherited)",
					"@executable_path/Frameworks",
				);
				MARKETING_VERSION = 1.0.0;
				PRODUCT_BUNDLE_IDENTIFIER = com.menumap.app;
				PRODUCT_NAME = "$(TARGET_NAME)";
				SWIFT_EMIT_LOC_STRINGS = YES;
				SWIFT_VERSION = 5.0;
				TARGETED_DEVICE_FAMILY = "1,2";
			};
			name = Release;
		};
/* End XCBuildConfiguration section */

/* Begin XCConfigurationList section */
		74B9A5F430142E8C007B716E /* Build configuration list for PBXProject "MenuMap" */ = {
			isa = XCConfigurationList;
			buildConfigurations = (
				74B9A60230142E8F007B716E /* Debug */,
				74B9A60330142E8F007B716E /* Release */,
			);
			defaultConfigurationIsVisible = 0;
			defaultConfigurationName = Release;
		};
		74B9A60430142E8F007B716E /* Build configuration list for PBXNativeTarget "MenuMap" */ = {
			isa = XCConfigurationList;
			buildConfigurations = (
				74B9A60530142E8F007B716E /* Debug */,
				74B9A60630142E8F007B716E /* Release */,
			);
			defaultConfigurationIsVisible = 0;
			defaultConfigurationName = Release;
		};
/* End XCConfigurationList section */

/* Begin XCRemoteSwiftPackageReference section */
		74B9A607301431C0007B716E /* XCRemoteSwiftPackageReference "firebase-ios-sdk" */ = {
			isa = XCRemoteSwiftPackageReference;
			repositoryURL = "https://github.com/firebase/firebase-ios-sdk";
			requirement = {
				kind = upToNextMinorVersion;
				minimumVersion = 12.16.0;
			};
		};
		74B9A60C301433A7007B716E /* XCRemoteSwiftPackageReference "ios-maps-sdk" */ = {
			isa = XCRemoteSwiftPackageReference;
			repositoryURL = "https://github.com/googlemaps/ios-maps-sdk";
			requirement = {
				kind = upToNextMinorVersion;
				minimumVersion = 10.15.0;
			};
		};
/* End XCRemoteSwiftPackageReference section */

/* Begin XCSwiftPackageProductDependency section */
		74B9A608301431C0007B716E /* FirebaseAuth */ = {
			isa = XCSwiftPackageProductDependency;
			package = 74B9A607301431C0007B716E /* XCRemoteSwiftPackageReference "firebase-ios-sdk" */;
			productName = FirebaseAuth;
		};
		74B9A60A301431C0007B716E /* FirebaseFirestore */ = {
			isa = XCSwiftPackageProductDependency;
			package = 74B9A607301431C0007B716E /* XCRemoteSwiftPackageReference "firebase-ios-sdk" */;
			productName = FirebaseFirestore;
		};
		74B9A60D301433A7007B716E /* GoogleMaps */ = {
			isa = XCSwiftPackageProductDependency;
			package = 74B9A60C301433A7007B716E /* XCRemoteSwiftPackageReference "ios-maps-sdk" */;
			productName = GoogleMaps;
		};
/* End XCSwiftPackageProductDependency section */
	};
	rootObject = 74B9A5F130142E8C007B716E /* Project object */;
}
